
Microsoft Visual Studio Solution File, Format Version 12.00
# Visual Studio 15
VisualStudioVersion = 15.0.26430.14
MinimumVisualStudioVersion = 10.0.40219.1
Project("{2150E333-8FDC-42A3-9474-1A3956D46DE8}") = "src", "src", "{8DB9BBE0-7599-4784-892C-474167F41BC5}"
EndProject
Project("{9A19103F-16F7-4668-BE54-9A1E7A4F7556}") = "Frigate", "src\Frigate\Frigate.csproj", "{2AE5BF94-6EDF-4E46-BEFB-67B7F314DC2F}"
EndProject
Project("{2150E333-8FDC-42A3-9474-1A3956D46DE8}") = "benchmark", "benchmark", "{690ECA64-5F19-4F8D-B4D4-DB3012E98163}"
EndProject
Project("{2150E333-8FDC-42A3-9474-1A3956D46DE8}") = "net462", "net462", "{196F6E67-E2BB-464C-9208-2739F388B795}"
EndProject
Project("{FAE04EC0-301F-11D3-BF4B-00C04F79EFBC}") = "Frigate.Benchmark", "src\benchmark\net462\Frigate.Benchmark\Frigate.Benchmark.csproj", "{F8B336F5-4663-4AC4-92CC-981F4D0E8A21}"
EndProject
Global
	GlobalSection(SolutionConfigurationPlatforms) = preSolution
		Debug|Any CPU = Debug|Any CPU
		Release|Any CPU = Release|Any CPU
	EndGlobalSection
	GlobalSection(ProjectConfigurationPlatforms) = postSolution
		{2AE5BF94-6EDF-4E46-BEFB-67B7F314DC2F}.Debug|Any CPU.ActiveCfg = Debug|Any CPU
		{2AE5BF94-6EDF-4E46-BEFB-67B7F314DC2F}.Debug|Any CPU.Build.0 = Debug|Any CPU
		{2AE5BF94-6EDF-4E46-BEFB-67B7F314DC2F}.Release|Any CPU.ActiveCfg = Release|Any CPU
		{2AE5BF94-6EDF-4E46-BEFB-67B7F314DC2F}.Release|Any CPU.Build.0 = Release|Any CPU
		{F8B336F5-4663-4AC4-92CC-981F4D0E8A21}.Debug|Any CPU.ActiveCfg = Debug|Any CPU
		{F8B336F5-4663-4AC4-92CC-981F4D0E8A21}.Debug|Any CPU.Build.0 = Debug|Any CPU
		{F8B336F5-4663-4AC4-92CC-981F4D0E8A21}.Release|Any CPU.ActiveCfg = Release|Any CPU
		{F8B336F5-4663-4AC4-92CC-981F4D0E8A21}.Release|Any CPU.Build.0 = Release|Any CPU
	EndGlobalSection
	GlobalSection(SolutionProperties) = preSolution
		HideSolutionNode = FALSE
	EndGlobalSection
	GlobalSection(NestedProjects) = preSolution
		{2AE5BF94-6EDF-4E46-BEFB-67B7F314DC2F} = {8DB9BBE0-7599-4784-892C-474167F41BC5}
		{196F6E67-E2BB-464C-9208-2739F388B795} = {690ECA64-5F19-4F8D-B4D4-DB3012E98163}
		{F8B336F5-4663-4AC4-92CC-981F4D0E8A21} = {196F6E67-E2BB-464C-9208-2739F388B795}
	EndGlobalSection
EndGlobal
